PODS:
  - HFCardCollectionViewLayout (0.4.2)

DEPENDENCIES:
  - HFCardCollectionViewLayout (from `../`)

EXTERNAL SOURCES:
  HFCardCollectionViewLayout:
    :path: "../"

SPEC CHECKSUMS:
  HFCardCollectionViewLayout: 44a48a69ed11905cb768e5e2223ef8d0d68bbe05

PODFILE CHECKSUM: 5e0d4872f2870ba183c8081a922af960e7ed0cc4

COCOAPODS: 1.6.1
